{
  "version": 4,
  "terraform_version": "1.14.5",
  "serial": 251,
  "lineage": "e4c7e6f4-dc05-a0c1-fa62-1a66062b8ab1",
  "outputs": {
    "VM1-Website-internal-ip": {
      "value": "192.168.50.10",
      "type": "string"
    },
    "VM1-Website-public-ip": {
      "value": "20.127.91.222",
      "type": "string"
    },
    "VM1-id": {
      "value": "/subscriptions/98f91142-3f0b-4fb6-a0b1-75f5d418bc76/resourceGroups/rg-test-internal-lb/providers/Microsoft.Compute/virtualMachines/VM1-Website",
      "type": "string"
    },
    "VM2-Website-internal-ip": {
      "value": "192.168.50.11",
      "type": "string"
    },
    "VM2-Website-public-ip": {
      "value": "13.68.246.109",
      "type": "string"
    },
    "VM2-id": {
      "value": "/subscriptions/98f91142-3f0b-4fb6-a0b1-75f5d418bc76/resourceGroups/rg-test-internal-lb/providers/Microsoft.Compute/virtualMachines/VM2-Website",
      "type": "string"
    },
    "VM3-Test-public-ip": {
      "value": "20.115.12.178",
      "type": "string"
    },
    "VM3-id": {
      "value": "/subscriptions/98f91142-3f0b-4fb6-a0b1-75f5d418bc76/resourceGroups/rg-test-internal-lb/providers/Microsoft.Compute/virtualMachines/VM3-test",
      "type": "string"
    },
    "VM3-test-internal-ip": {
      "value": "192.168.50.13",
      "type": "string"
    }
  },
  "resources": [
    {
      "mode": "managed",
      "type": "azurerm_lb",
      "name": "lb_website",
      "provider": "provider[\"registry.terraform.io/hashicorp/azurerm\"]",
      "instances": [
        {
          "schema_version": 0,
          "attributes": {
            "edge_zone": "",
            "frontend_ip_configuration": [
              {
                "gateway_load_balancer_frontend_ip_configuration_id": "",
                "id": "/subscriptions/98f91142-3f0b-4fb6-a0b1-75f5d418bc76/resourceGroups/rg-test-internal-lb/providers/Microsoft.Network/loadBalancers/lb_website/frontendIPConfigurations/fip_lb_website",
                "inbound_nat_rules": [],
                "load_balancer_rules": [
                  "/subscriptions/98f91142-3f0b-4fb6-a0b1-75f5d418bc76/resourceGroups/rg-test-internal-lb/providers/Microsoft.Network/loadBalancers/lb_website/loadBalancingRules/lb-rule-Website"
                ],
                "name": "fip_lb_website",
                "outbound_rules": [],
                "private_ip_address": "192.168.50.15",
                "private_ip_address_allocation": "Static",
                "private_ip_address_version": "IPv4",
                "public_ip_address_id": "",
                "public_ip_prefix_id": "",
                "subnet_id": "/subscriptions/98f91142-3f0b-4fb6-a0b1-75f5d418bc76/resourceGroups/rg-test-internal-lb/providers/Microsoft.Network/virtualNetworks/vnet-test-internal-lb/subnets/subnet-test-internal-lb",
                "zones": []
              }
            ],
            "id": "/subscriptions/98f91142-3f0b-4fb6-a0b1-75f5d418bc76/resourceGroups/rg-test-internal-lb/providers/Microsoft.Network/loadBalancers/lb_website",
            "location": "eastus",
            "name": "lb_website",
            "private_ip_address": "192.168.50.15",
            "private_ip_addresses": [
              "192.168.50.15"
            ],
            "public_ip_address_id": null,
            "resource_group_name": "rg-test-internal-lb",
            "sku": "Standard",
            "sku_tier": "Regional",
            "subnet_id": null,
            "tags": {},
            "timeouts": null
          },
          "sensitive_attributes": [],
          "identity_schema_version": 0,
          "private": "eyJlMmJmYjczMC1lY2FhLTExZTYtOGY4OC0zNDM2M2JjN2M0YzAiOnsiY3JlYXRlIjoxODAwMDAwMDAwMDAwLCJkZWxldGUiOjE4MDAwMDAwMDAwMDAsInJlYWQiOjMwMDAwMDAwMDAwMCwidXBkYXRlIjoxODAwMDAwMDAwMDAwfX0=",
          "dependencies": [
            "azurerm_resource_group.rg-test-internal-lb",
            "azurerm_subnet.subnet-test-internal-lb",
            "azurerm_virtual_network.vnet-test-internal-lb"
          ]
        }
      ]
    },
    {
      "mode": "managed",
      "type": "azurerm_lb_backend_address_pool",
      "name": "BEP_lb_website",
      "provider": "provider[\"registry.terraform.io/hashicorp/azurerm\"]",
      "instances": [
        {
          "schema_version": 0,
          "attributes": {
            "backend_ip_configurations": [
              "/subscriptions/98f91142-3f0b-4fb6-a0b1-75f5d418bc76/resourceGroups/rg-test-internal-lb/providers/Microsoft.Network/networkInterfaces/NIC-VM2-Website/ipConfigurations/internalip-VM2-Website",
              "/subscriptions/98f91142-3f0b-4fb6-a0b1-75f5d418bc76/resourceGroups/rg-test-internal-lb/providers/Microsoft.Network/networkInterfaces/NIC-VM1-Website/ipConfigurations/internalip-VM1-Website"
            ],
            "id": "/subscriptions/98f91142-3f0b-4fb6-a0b1-75f5d418bc76/resourceGroups/rg-test-internal-lb/providers/Microsoft.Network/loadBalancers/lb_website/backendAddressPools/BEP_lb_website",
            "inbound_nat_rules": [],
            "load_balancing_rules": [
              "/subscriptions/98f91142-3f0b-4fb6-a0b1-75f5d418bc76/resourceGroups/rg-test-internal-lb/providers/Microsoft.Network/loadBalancers/lb_website/loadBalancingRules/lb-rule-Website"
            ],
            "loadbalancer_id": "/subscriptions/98f91142-3f0b-4fb6-a0b1-75f5d418bc76/resourceGroups/rg-test-internal-lb/providers/Microsoft.Network/loadBalancers/lb_website",
            "name": "BEP_lb_website",
            "outbound_rules": [],
            "synchronous_mode": "",
            "timeouts": null,
            "tunnel_interface": [],
            "virtual_network_id": ""
          },
          "sensitive_attributes": [],
          "identity_schema_version": 0,
          "private": "eyJlMmJmYjczMC1lY2FhLTExZTYtOGY4OC0zNDM2M2JjN2M0YzAiOnsiY3JlYXRlIjoxODAwMDAwMDAwMDAwLCJkZWxldGUiOjE4MDAwMDAwMDAwMDAsInJlYWQiOjMwMDAwMDAwMDAwMCwidXBkYXRlIjoxODAwMDAwMDAwMDAwfX0=",
          "dependencies": [
            "azurerm_lb.lb_website",
            "azurerm_resource_group.rg-test-internal-lb",
            "azurerm_subnet.subnet-test-internal-lb",
            "azurerm_virtual_network.vnet-test-internal-lb"
          ]
        }
      ]
    },
    {
      "mode": "managed",
      "type": "azurerm_lb_probe",
      "name": "Probe-lb-website",
      "provider": "provider[\"registry.terraform.io/hashicorp/azurerm\"]",
      "instances": [
        {
          "schema_version": 0,
          "attributes": {
            "id": "/subscriptions/98f91142-3f0b-4fb6-a0b1-75f5d418bc76/resourceGroups/rg-test-internal-lb/providers/Microsoft.Network/loadBalancers/lb_website/probes/probe_lb_website",
            "interval_in_seconds": 15,
            "load_balancer_rules": [
              "/subscriptions/98f91142-3f0b-4fb6-a0b1-75f5d418bc76/resourceGroups/rg-test-internal-lb/providers/Microsoft.Network/loadBalancers/lb_website/loadBalancingRules/lb-rule-Website"
            ],
            "loadbalancer_id": "/subscriptions/98f91142-3f0b-4fb6-a0b1-75f5d418bc76/resourceGroups/rg-test-internal-lb/providers/Microsoft.Network/loadBalancers/lb_website",
            "name": "probe_lb_website",
            "number_of_probes": 2,
            "port": 80,
            "probe_threshold": 1,
            "protocol": "Http",
            "request_path": "/",
            "timeouts": null
          },
          "sensitive_attributes": [],
          "identity_schema_version": 0,
          "private": "eyJlMmJmYjczMC1lY2FhLTExZTYtOGY4OC0zNDM2M2JjN2M0YzAiOnsiY3JlYXRlIjoxODAwMDAwMDAwMDAwLCJkZWxldGUiOjE4MDAwMDAwMDAwMDAsInJlYWQiOjMwMDAwMDAwMDAwMCwidXBkYXRlIjoxODAwMDAwMDAwMDAwfX0=",
          "dependencies": [
            "azurerm_lb.lb_website",
            "azurerm_resource_group.rg-test-internal-lb",
            "azurerm_subnet.subnet-test-internal-lb",
            "azurerm_virtual_network.vnet-test-internal-lb"
          ]
        }
      ]
    },
    {
      "mode": "managed",
      "type": "azurerm_lb_rule",
      "name": "lb-rule-website",
      "provider": "provider[\"registry.terraform.io/hashicorp/azurerm\"]",
      "instances": [
        {
          "schema_version": 0,
          "attributes": {
            "backend_address_pool_ids": [
              "/subscriptions/98f91142-3f0b-4fb6-a0b1-75f5d418bc76/resourceGroups/rg-test-internal-lb/providers/Microsoft.Network/loadBalancers/lb_website/backendAddressPools/BEP_lb_website"
            ],
            "backend_port": 80,
            "disable_outbound_snat": false,
            "enable_floating_ip": false,
            "enable_tcp_reset": false,
            "floating_ip_enabled": false,
            "frontend_ip_configuration_id": "/subscriptions/98f91142-3f0b-4fb6-a0b1-75f5d418bc76/resourceGroups/rg-test-internal-lb/providers/Microsoft.Network/loadBalancers/lb_website/frontendIPConfigurations/fip_lb_website",
            "frontend_ip_configuration_name": "fip_lb_website",
            "frontend_port": 8000,
            "id": "/subscriptions/98f91142-3f0b-4fb6-a0b1-75f5d418bc76/resourceGroups/rg-test-internal-lb/providers/Microsoft.Network/loadBalancers/lb_website/loadBalancingRules/lb-rule-Website",
            "idle_timeout_in_minutes": 4,
            "load_distribution": "Default",
            "loadbalancer_id": "/subscriptions/98f91142-3f0b-4fb6-a0b1-75f5d418bc76/resourceGroups/rg-test-internal-lb/providers/Microsoft.Network/loadBalancers/lb_website",
            "name": "lb-rule-Website",
            "probe_id": "/subscriptions/98f91142-3f0b-4fb6-a0b1-75f5d418bc76/resourceGroups/rg-test-internal-lb/providers/Microsoft.Network/loadBalancers/lb_website/probes/probe_lb_website",
            "protocol": "Tcp",
            "tcp_reset_enabled": false,
            "timeouts": null
          },
          "sensitive_attributes": [],
          "identity_schema_version": 0,
          "private": "eyJlMmJmYjczMC1lY2FhLTExZTYtOGY4OC0zNDM2M2JjN2M0YzAiOnsiY3JlYXRlIjoxODAwMDAwMDAwMDAwLCJkZWxldGUiOjE4MDAwMDAwMDAwMDAsInJlYWQiOjMwMDAwMDAwMDAwMCwidXBkYXRlIjoxODAwMDAwMDAwMDAwfX0=",
          "dependencies": [
            "azurerm_lb.lb_website",
            "azurerm_lb_backend_address_pool.BEP_lb_website",
            "azurerm_lb_probe.Probe-lb-website",
            "azurerm_resource_group.rg-test-internal-lb",
            "azurerm_subnet.subnet-test-internal-lb",
            "azurerm_virtual_network.vnet-test-internal-lb"
          ]
        }
      ]
    },
    {
      "mode": "managed",
      "type": "azurerm_linux_virtual_machine",
      "name": "VM1-Website",
      "provider": "provider[\"registry.terraform.io/hashicorp/azurerm\"]",
      "instances": [
        {
          "schema_version": 0,
          "attributes": {
            "additional_capabilities": [],
            "admin_password": null,
            "admin_ssh_key": [
              {
                "public_key": "ssh-rsa AAAAB3NzaC1yc2EAAAADAQABAAACAQCvvoGXh+X9WkflAwDm0ifPARGDBDlRQS94zoQ+nj7C4pFPacOpygI9rn5l0s77RTQQNuHKSpjkeYMQG4nbjCh7OgN/8Ai713rVgCBDKaob77m+JFoNr/JSLeeeODtiav2uIZqlpI5JyyYC8MFy7HdmJOB8RTi8bWYFITrS2Uo4FT+ZQoMnrboYJOTcDC4167Dgx+5UUYyXBqLLhtyRPLa951uzx6U7As90hqTxDcf7h5aWchne47mMzjAnDkmGle00u+Yvt2wCS3BjlyffwculS9ZffmHd9zi/FXMpfVlDnKyMqvo3TMcUk1mVCvRcmdgBey2drrsyJuFOSfh/j/vJy1cZ5ECN+W7Vmsdjpupt13xqpkHzV7Yq3YSx4zfsnNXeCn5OvvaA+3rd2MwpMQqZz2bahSLcqbATLGTVrI/4fLdWtmngjyZYAW+hJ4gxqAtcO+D8oQsnV9Cd75wJZwHS5GNxGZhr8CZDPqsR9kw/9qC5EcJSnYvU3JFlAvY3cW4UoSXCmLF3KwYtB8IDD/tZZyRKJgqjEnkl+HbK7838Q1WpeGp/WXZn2v+rzL1uvgaoarurm8szpslly9VUSvSeUuV8CF5H99nwSc2RHh3e0QS1d9g2Cog65wSE5LrdeADnGuwnFsnluLqHWBl/A5/Q/77CuTM+HsS4chDT3+cxUw== kevin@Ubuntu",
                "username": "azureuser"
              }
            ],
            "admin_username": "azureuser",
            "allow_extension_operations": true,
            "availability_set_id": "",
            "boot_diagnostics": [],
            "bypass_platform_safety_checks_on_user_schedule_enabled": false,
            "capacity_reservation_group_id": "",
            "computer_name": "VM1-Website",
            "custom_data": null,
            "dedicated_host_group_id": "",
            "dedicated_host_id": "",
            "disable_password_authentication": true,
            "disk_controller_type": "SCSI",
            "edge_zone": "",
            "encryption_at_host_enabled": false,
            "eviction_policy": "",
            "extensions_time_budget": "PT1H30M",
            "gallery_application": [],
            "id": "/subscriptions/98f91142-3f0b-4fb6-a0b1-75f5d418bc76/resourceGroups/rg-test-internal-lb/providers/Microsoft.Compute/virtualMachines/VM1-Website",
            "identity": [],
            "license_type": "",
            "location": "eastus",
            "max_bid_price": -1,
            "name": "VM1-Website",
            "network_interface_ids": [
              "/subscriptions/98f91142-3f0b-4fb6-a0b1-75f5d418bc76/resourceGroups/rg-test-internal-lb/providers/Microsoft.Network/networkInterfaces/NIC-VM1-Website"
            ],
            "os_disk": [
              {
                "caching": "ReadWrite",
                "diff_disk_settings": [],
                "disk_encryption_set_id": "",
                "disk_size_gb": 30,
                "id": "/subscriptions/98f91142-3f0b-4fb6-a0b1-75f5d418bc76/resourceGroups/rg-test-internal-lb/providers/Microsoft.Compute/disks/VM1-Website_disk1_a5d1c583f9294185a3019f31a7d68c10",
                "name": "VM1-Website_disk1_a5d1c583f9294185a3019f31a7d68c10",
                "secure_vm_disk_encryption_set_id": "",
                "security_encryption_type": "",
                "storage_account_type": "Standard_LRS",
                "write_accelerator_enabled": false
              }
            ],
            "os_image_notification": [],
            "os_managed_disk_id": "/subscriptions/98f91142-3f0b-4fb6-a0b1-75f5d418bc76/resourceGroups/rg-test-internal-lb/providers/Microsoft.Compute/disks/VM1-Website_disk1_a5d1c583f9294185a3019f31a7d68c10",
            "patch_assessment_mode": "ImageDefault",
            "patch_mode": "ImageDefault",
            "plan": [],
            "platform_fault_domain": -1,
            "priority": "Regular",
            "private_ip_address": "192.168.50.10",
            "private_ip_addresses": [
              "192.168.50.10"
            ],
            "provision_vm_agent": true,
            "proximity_placement_group_id": "",
            "public_ip_address": "20.127.91.222",
            "public_ip_addresses": [
              "20.127.91.222"
            ],
            "reboot_setting": "",
            "resource_group_name": "rg-test-internal-lb",
            "secret": [],
            "secure_boot_enabled": false,
            "size": "Standard_D2s_v3",
            "source_image_id": "",
            "source_image_reference": [
              {
                "offer": "ubuntu-24_04-lts",
                "publisher": "Canonical",
                "sku": "server",
                "version": "latest"
              }
            ],
            "tags": {
              "environment": "test",
              "purpose": "virtual-machine"
            },
            "termination_notification": [],
            "timeouts": null,
            "user_data": "",
            "virtual_machine_id": "51880f38-01a5-4ac5-99b3-2897a2fb7dfe",
            "virtual_machine_scale_set_id": "",
            "vm_agent_platform_updates_enabled": false,
            "vtpm_enabled": false,
            "zone": ""
          },
          "sensitive_attributes": [
            [
              {
                "type": "get_attr",
                "value": "admin_password"
              }
            ],
            [
              {
                "type": "get_attr",
                "value": "custom_data"
              }
            ]
          ],
          "identity_schema_version": 0,
          "private": "eyJlMmJmYjczMC1lY2FhLTExZTYtOGY4OC0zNDM2M2JjN2M0YzAiOnsiY3JlYXRlIjoyNzAwMDAwMDAwMDAwLCJkZWxldGUiOjI3MDAwMDAwMDAwMDAsInJlYWQiOjMwMDAwMDAwMDAwMCwidXBkYXRlIjoyNzAwMDAwMDAwMDAwfX0=",
          "dependencies": [
            "azurerm_network_interface.NIC-VM1-Website",
            "azurerm_public_ip.pip-VM1-Website",
            "azurerm_resource_group.rg-test-internal-lb",
            "azurerm_subnet.subnet-test-internal-lb",
            "azurerm_virtual_network.vnet-test-internal-lb"
          ]
        }
      ]
    },
    {
      "mode": "managed",
      "type": "azurerm_linux_virtual_machine",
      "name": "VM2-Website",
      "provider": "provider[\"registry.terraform.io/hashicorp/azurerm\"]",
      "instances": [
        {
          "schema_version": 0,
          "attributes": {
            "additional_capabilities": [],
            "admin_password": null,
            "admin_ssh_key": [
              {
                "public_key": "ssh-rsa AAAAB3NzaC1yc2EAAAADAQABAAACAQCvvoGXh+X9WkflAwDm0ifPARGDBDlRQS94zoQ+nj7C4pFPacOpygI9rn5l0s77RTQQNuHKSpjkeYMQG4nbjCh7OgN/8Ai713rVgCBDKaob77m+JFoNr/JSLeeeODtiav2uIZqlpI5JyyYC8MFy7HdmJOB8RTi8bWYFITrS2Uo4FT+ZQoMnrboYJOTcDC4167Dgx+5UUYyXBqLLhtyRPLa951uzx6U7As90hqTxDcf7h5aWchne47mMzjAnDkmGle00u+Yvt2wCS3BjlyffwculS9ZffmHd9zi/FXMpfVlDnKyMqvo3TMcUk1mVCvRcmdgBey2drrsyJuFOSfh/j/vJy1cZ5ECN+W7Vmsdjpupt13xqpkHzV7Yq3YSx4zfsnNXeCn5OvvaA+3rd2MwpMQqZz2bahSLcqbATLGTVrI/4fLdWtmngjyZYAW+hJ4gxqAtcO+D8oQsnV9Cd75wJZwHS5GNxGZhr8CZDPqsR9kw/9qC5EcJSnYvU3JFlAvY3cW4UoSXCmLF3KwYtB8IDD/tZZyRKJgqjEnkl+HbK7838Q1WpeGp/WXZn2v+rzL1uvgaoarurm8szpslly9VUSvSeUuV8CF5H99nwSc2RHh3e0QS1d9g2Cog65wSE5LrdeADnGuwnFsnluLqHWBl/A5/Q/77CuTM+HsS4chDT3+cxUw== kevin@Ubuntu",
                "username": "azureuser"
              }
            ],
            "admin_username": "azureuser",
            "allow_extension_operations": true,
            "availability_set_id": "",
            "boot_diagnostics": [],
            "bypass_platform_safety_checks_on_user_schedule_enabled": false,
            "capacity_reservation_group_id": "",
            "computer_name": "VM2-Website",
            "custom_data": null,
            "dedicated_host_group_id": "",
            "dedicated_host_id": "",
            "disable_password_authentication": true,
            "disk_controller_type": "SCSI",
            "edge_zone": "",
            "encryption_at_host_enabled": false,
            "eviction_policy": "",
            "extensions_time_budget": "PT1H30M",
            "gallery_application": [],
            "id": "/subscriptions/98f91142-3f0b-4fb6-a0b1-75f5d418bc76/resourceGroups/rg-test-internal-lb/providers/Microsoft.Compute/virtualMachines/VM2-Website",
            "identity": [],
            "license_type": "",
            "location": "eastus",
            "max_bid_price": -1,
            "name": "VM2-Website",
            "network_interface_ids": [
              "/subscriptions/98f91142-3f0b-4fb6-a0b1-75f5d418bc76/resourceGroups/rg-test-internal-lb/providers/Microsoft.Network/networkInterfaces/NIC-VM2-Website"
            ],
            "os_disk": [
              {
                "caching": "ReadWrite",
                "diff_disk_settings": [],
                "disk_encryption_set_id": "",
                "disk_size_gb": 30,
                "id": "/subscriptions/98f91142-3f0b-4fb6-a0b1-75f5d418bc76/resourceGroups/rg-test-internal-lb/providers/Microsoft.Compute/disks/VM2-Website_disk1_84372aef17dc4f40ab93ee876e4b38ae",
                "name": "VM2-Website_disk1_84372aef17dc4f40ab93ee876e4b38ae",
                "secure_vm_disk_encryption_set_id": "",
                "security_encryption_type": "",
                "storage_account_type": "Standard_LRS",
                "write_accelerator_enabled": false
              }
            ],
            "os_image_notification": [],
            "os_managed_disk_id": "/subscriptions/98f91142-3f0b-4fb6-a0b1-75f5d418bc76/resourceGroups/rg-test-internal-lb/providers/Microsoft.Compute/disks/VM2-Website_disk1_84372aef17dc4f40ab93ee876e4b38ae",
            "patch_assessment_mode": "ImageDefault",
            "patch_mode": "ImageDefault",
            "plan": [],
            "platform_fault_domain": -1,
            "priority": "Regular",
            "private_ip_address": "192.168.50.11",
            "private_ip_addresses": [
              "192.168.50.11"
            ],
            "provision_vm_agent": true,
            "proximity_placement_group_id": "",
            "public_ip_address": "13.68.246.109",
            "public_ip_addresses": [
              "13.68.246.109"
            ],
            "reboot_setting": "",
            "resource_group_name": "rg-test-internal-lb",
            "secret": [],
            "secure_boot_enabled": false,
            "size": "Standard_D2s_v3",
            "source_image_id": "",
            "source_image_reference": [
              {
                "offer": "ubuntu-24_04-lts",
                "publisher": "Canonical",
                "sku": "server",
                "version": "latest"
              }
            ],
            "tags": {
              "environment": "test",
              "purpose": "virtual-machine"
            },
            "termination_notification": [],
            "timeouts": null,
            "user_data": "",
            "virtual_machine_id": "e9574ece-e3d8-44f8-af7d-7a32a91200ea",
            "virtual_machine_scale_set_id": "",
            "vm_agent_platform_updates_enabled": false,
            "vtpm_enabled": false,
            "zone": ""
          },
          "sensitive_attributes": [
            [
              {
                "type": "get_attr",
                "value": "admin_password"
              }
            ],
            [
              {
                "type": "get_attr",
                "value": "custom_data"
              }
            ]
          ],
          "identity_schema_version": 0,
          "private": "eyJlMmJmYjczMC1lY2FhLTExZTYtOGY4OC0zNDM2M2JjN2M0YzAiOnsiY3JlYXRlIjoyNzAwMDAwMDAwMDAwLCJkZWxldGUiOjI3MDAwMDAwMDAwMDAsInJlYWQiOjMwMDAwMDAwMDAwMCwidXBkYXRlIjoyNzAwMDAwMDAwMDAwfX0=",
          "dependencies": [
            "azurerm_network_interface.NIC-VM2-Website",
            "azurerm_public_ip.pip-VM2-Website",
            "azurerm_resource_group.rg-test-internal-lb",
            "azurerm_subnet.subnet-test-internal-lb",
            "azurerm_virtual_network.vnet-test-internal-lb"
          ]
        }
      ]
    },
    {
      "mode": "managed",
      "type": "azurerm_linux_virtual_machine",
      "name": "VM3-test",
      "provider": "provider[\"registry.terraform.io/hashicorp/azurerm\"]",
      "instances": [
        {
          "schema_version": 0,
          "attributes": {
            "additional_capabilities": [],
            "admin_password": null,
            "admin_ssh_key": [
              {
                "public_key": "ssh-rsa AAAAB3NzaC1yc2EAAAADAQABAAACAQCvvoGXh+X9WkflAwDm0ifPARGDBDlRQS94zoQ+nj7C4pFPacOpygI9rn5l0s77RTQQNuHKSpjkeYMQG4nbjCh7OgN/8Ai713rVgCBDKaob77m+JFoNr/JSLeeeODtiav2uIZqlpI5JyyYC8MFy7HdmJOB8RTi8bWYFITrS2Uo4FT+ZQoMnrboYJOTcDC4167Dgx+5UUYyXBqLLhtyRPLa951uzx6U7As90hqTxDcf7h5aWchne47mMzjAnDkmGle00u+Yvt2wCS3BjlyffwculS9ZffmHd9zi/FXMpfVlDnKyMqvo3TMcUk1mVCvRcmdgBey2drrsyJuFOSfh/j/vJy1cZ5ECN+W7Vmsdjpupt13xqpkHzV7Yq3YSx4zfsnNXeCn5OvvaA+3rd2MwpMQqZz2bahSLcqbATLGTVrI/4fLdWtmngjyZYAW+hJ4gxqAtcO+D8oQsnV9Cd75wJZwHS5GNxGZhr8CZDPqsR9kw/9qC5EcJSnYvU3JFlAvY3cW4UoSXCmLF3KwYtB8IDD/tZZyRKJgqjEnkl+HbK7838Q1WpeGp/WXZn2v+rzL1uvgaoarurm8szpslly9VUSvSeUuV8CF5H99nwSc2RHh3e0QS1d9g2Cog65wSE5LrdeADnGuwnFsnluLqHWBl/A5/Q/77CuTM+HsS4chDT3+cxUw== kevin@Ubuntu",
                "username": "azureuser"
              }
            ],
            "admin_username": "azureuser",
            "allow_extension_operations": true,
            "availability_set_id": "",
            "boot_diagnostics": [],
            "bypass_platform_safety_checks_on_user_schedule_enabled": false,
            "capacity_reservation_group_id": "",
            "computer_name": "VM3-test",
            "custom_data": null,
            "dedicated_host_group_id": "",
            "dedicated_host_id": "",
            "disable_password_authentication": true,
            "disk_controller_type": "SCSI",
            "edge_zone": "",
            "encryption_at_host_enabled": false,
            "eviction_policy": "",
            "extensions_time_budget": "PT1H30M",
            "gallery_application": [],
            "id": "/subscriptions/98f91142-3f0b-4fb6-a0b1-75f5d418bc76/resourceGroups/rg-test-internal-lb/providers/Microsoft.Compute/virtualMachines/VM3-test",
            "identity": [],
            "license_type": "",
            "location": "eastus",
            "max_bid_price": -1,
            "name": "VM3-test",
            "network_interface_ids": [
              "/subscriptions/98f91142-3f0b-4fb6-a0b1-75f5d418bc76/resourceGroups/rg-test-internal-lb/providers/Microsoft.Network/networkInterfaces/NIC-VM3-Test"
            ],
            "os_disk": [
              {
                "caching": "ReadWrite",
                "diff_disk_settings": [],
                "disk_encryption_set_id": "",
                "disk_size_gb": 30,
                "id": "/subscriptions/98f91142-3f0b-4fb6-a0b1-75f5d418bc76/resourceGroups/rg-test-internal-lb/providers/Microsoft.Compute/disks/VM3-test_disk1_702f60beadb241a0a0ba8b24daca165a",
                "name": "VM3-test_disk1_702f60beadb241a0a0ba8b24daca165a",
                "secure_vm_disk_encryption_set_id": "",
                "security_encryption_type": "",
                "storage_account_type": "Standard_LRS",
                "write_accelerator_enabled": false
              }
            ],
            "os_image_notification": [],
            "os_managed_disk_id": "/subscriptions/98f91142-3f0b-4fb6-a0b1-75f5d418bc76/resourceGroups/rg-test-internal-lb/providers/Microsoft.Compute/disks/VM3-test_disk1_702f60beadb241a0a0ba8b24daca165a",
            "patch_assessment_mode": "ImageDefault",
            "patch_mode": "ImageDefault",
            "plan": [],
            "platform_fault_domain": -1,
            "priority": "Regular",
            "private_ip_address": "192.168.50.13",
            "private_ip_addresses": [
              "192.168.50.13"
            ],
            "provision_vm_agent": true,
            "proximity_placement_group_id": "",
            "public_ip_address": "20.115.12.178",
            "public_ip_addresses": [
              "20.115.12.178"
            ],
            "reboot_setting": "",
            "resource_group_name": "rg-test-internal-lb",
            "secret": [],
            "secure_boot_enabled": false,
            "size": "Standard_D2s_v3",
            "source_image_id": "",
            "source_image_reference": [
              {
                "offer": "ubuntu-24_04-lts",
                "publisher": "Canonical",
                "sku": "server",
                "version": "latest"
              }
            ],
            "tags": {
              "environment": "test",
              "purpose": "virtual-machine"
            },
            "termination_notification": [],
            "timeouts": null,
            "user_data": "",
            "virtual_machine_id": "7c1ed612-2dab-4713-83a8-f2facac300a9",
            "virtual_machine_scale_set_id": "",
            "vm_agent_platform_updates_enabled": false,
            "vtpm_enabled": false,
            "zone": ""
          },
          "sensitive_attributes": [
            [
              {
                "type": "get_attr",
                "value": "admin_password"
              }
            ],
            [
              {
                "type": "get_attr",
                "value": "custom_data"
              }
            ]
          ],
          "identity_schema_version": 0,
          "private": "eyJlMmJmYjczMC1lY2FhLTExZTYtOGY4OC0zNDM2M2JjN2M0YzAiOnsiY3JlYXRlIjoyNzAwMDAwMDAwMDAwLCJkZWxldGUiOjI3MDAwMDAwMDAwMDAsInJlYWQiOjMwMDAwMDAwMDAwMCwidXBkYXRlIjoyNzAwMDAwMDAwMDAwfX0=",
          "dependencies": [
            "azurerm_network_interface.NIC-VM3-test",
            "azurerm_public_ip.pip-VM3-test",
            "azurerm_resource_group.rg-test-internal-lb",
            "azurerm_subnet.subnet-test-internal-lb",
            "azurerm_virtual_network.vnet-test-internal-lb"
          ]
        }
      ]
    },
    {
      "mode": "managed",
      "type": "azurerm_network_interface",
      "name": "NIC-VM1-Website",
      "provider": "provider[\"registry.terraform.io/hashicorp/azurerm\"]",
      "instances": [
        {
          "schema_version": 0,
          "attributes": {
            "accelerated_networking_enabled": false,
            "applied_dns_servers": [],
            "auxiliary_mode": "",
            "auxiliary_sku": "",
            "dns_servers": [],
            "edge_zone": "",
            "id": "/subscriptions/98f91142-3f0b-4fb6-a0b1-75f5d418bc76/resourceGroups/rg-test-internal-lb/providers/Microsoft.Network/networkInterfaces/NIC-VM1-Website",
            "internal_dns_name_label": "",
            "internal_domain_name_suffix": "o20ch54zfmqedlfc1qtzah0boh.bx.internal.cloudapp.net",
            "ip_configuration": [
              {
                "gateway_load_balancer_frontend_ip_configuration_id": "",
                "name": "internalip-VM1-Website",
                "primary": true,
                "private_ip_address": "192.168.50.10",
                "private_ip_address_allocation": "Static",
                "private_ip_address_version": "IPv4",
                "public_ip_address_id": "/subscriptions/98f91142-3f0b-4fb6-a0b1-75f5d418bc76/resourceGroups/rg-test-internal-lb/providers/Microsoft.Network/publicIPAddresses/pip-VM1-Website",
                "subnet_id": "/subscriptions/98f91142-3f0b-4fb6-a0b1-75f5d418bc76/resourceGroups/rg-test-internal-lb/providers/Microsoft.Network/virtualNetworks/vnet-test-internal-lb/subnets/subnet-test-internal-lb"
              }
            ],
            "ip_forwarding_enabled": false,
            "location": "eastus",
            "mac_address": "60-45-BD-ED-63-7E",
            "name": "NIC-VM1-Website",
            "private_ip_address": "192.168.50.10",
            "private_ip_addresses": [
              "192.168.50.10"
            ],
            "resource_group_name": "rg-test-internal-lb",
            "tags": {},
            "timeouts": null,
            "virtual_machine_id": "/subscriptions/98f91142-3f0b-4fb6-a0b1-75f5d418bc76/resourceGroups/rg-test-internal-lb/providers/Microsoft.Compute/virtualMachines/VM1-Website"
          },
          "sensitive_attributes": [],
          "identity_schema_version": 0,
          "identity": {
            "name": "NIC-VM1-Website",
            "resource_group_name": "rg-test-internal-lb",
            "subscription_id": "98f91142-3f0b-4fb6-a0b1-75f5d418bc76"
          },
          "private": "eyJlMmJmYjczMC1lY2FhLTExZTYtOGY4OC0zNDM2M2JjN2M0YzAiOnsiY3JlYXRlIjoxODAwMDAwMDAwMDAwLCJkZWxldGUiOjE4MDAwMDAwMDAwMDAsInJlYWQiOjMwMDAwMDAwMDAwMCwidXBkYXRlIjoxODAwMDAwMDAwMDAwfX0=",
          "dependencies": [
            "azurerm_public_ip.pip-VM1-Website",
            "azurerm_resource_group.rg-test-internal-lb",
            "azurerm_subnet.subnet-test-internal-lb",
            "azurerm_virtual_network.vnet-test-internal-lb"
          ]
        }
      ]
    },
    {
      "mode": "managed",
      "type": "azurerm_network_interface",
      "name": "NIC-VM2-Website",
      "provider": "provider[\"registry.terraform.io/hashicorp/azurerm\"]",
      "instances": [
        {
          "schema_version": 0,
          "attributes": {
            "accelerated_networking_enabled": false,
            "applied_dns_servers": [],
            "auxiliary_mode": "",
            "auxiliary_sku": "",
            "dns_servers": [],
            "edge_zone": "",
            "id": "/subscriptions/98f91142-3f0b-4fb6-a0b1-75f5d418bc76/resourceGroups/rg-test-internal-lb/providers/Microsoft.Network/networkInterfaces/NIC-VM2-Website",
            "internal_dns_name_label": "",
            "internal_domain_name_suffix": "o20ch54zfmqedlfc1qtzah0boh.bx.internal.cloudapp.net",
            "ip_configuration": [
              {
                "gateway_load_balancer_frontend_ip_configuration_id": "",
                "name": "internalip-VM2-Website",
                "primary": true,
                "private_ip_address": "192.168.50.11",
                "private_ip_address_allocation": "Static",
                "private_ip_address_version": "IPv4",
                "public_ip_address_id": "/subscriptions/98f91142-3f0b-4fb6-a0b1-75f5d418bc76/resourceGroups/rg-test-internal-lb/providers/Microsoft.Network/publicIPAddresses/pip-VM2-Website",
                "subnet_id": "/subscriptions/98f91142-3f0b-4fb6-a0b1-75f5d418bc76/resourceGroups/rg-test-internal-lb/providers/Microsoft.Network/virtualNetworks/vnet-test-internal-lb/subnets/subnet-test-internal-lb"
              }
            ],
            "ip_forwarding_enabled": false,
            "location": "eastus",
            "mac_address": "00-0D-3A-8F-E4-80",
            "name": "NIC-VM2-Website",
            "private_ip_address": "192.168.50.11",
            "private_ip_addresses": [
              "192.168.50.11"
            ],
            "resource_group_name": "rg-test-internal-lb",
            "tags": {},
            "timeouts": null,
            "virtual_machine_id": "/subscriptions/98f91142-3f0b-4fb6-a0b1-75f5d418bc76/resourceGroups/rg-test-internal-lb/providers/Microsoft.Compute/virtualMachines/VM2-Website"
          },
          "sensitive_attributes": [],
          "identity_schema_version": 0,
          "identity": {
            "name": "NIC-VM2-Website",
            "resource_group_name": "rg-test-internal-lb",
            "subscription_id": "98f91142-3f0b-4fb6-a0b1-75f5d418bc76"
          },
          "private": "eyJlMmJmYjczMC1lY2FhLTExZTYtOGY4OC0zNDM2M2JjN2M0YzAiOnsiY3JlYXRlIjoxODAwMDAwMDAwMDAwLCJkZWxldGUiOjE4MDAwMDAwMDAwMDAsInJlYWQiOjMwMDAwMDAwMDAwMCwidXBkYXRlIjoxODAwMDAwMDAwMDAwfX0=",
          "dependencies": [
            "azurerm_public_ip.pip-VM2-Website",
            "azurerm_resource_group.rg-test-internal-lb",
            "azurerm_subnet.subnet-test-internal-lb",
            "azurerm_virtual_network.vnet-test-internal-lb"
          ]
        }
      ]
    },
    {
      "mode": "managed",
      "type": "azurerm_network_interface",
      "name": "NIC-VM3-test",
      "provider": "provider[\"registry.terraform.io/hashicorp/azurerm\"]",
      "instances": [
        {
          "schema_version": 0,
          "attributes": {
            "accelerated_networking_enabled": false,
            "applied_dns_servers": [],
            "auxiliary_mode": "",
            "auxiliary_sku": "",
            "dns_servers": [],
            "edge_zone": "",
            "id": "/subscriptions/98f91142-3f0b-4fb6-a0b1-75f5d418bc76/resourceGroups/rg-test-internal-lb/providers/Microsoft.Network/networkInterfaces/NIC-VM3-Test",
            "internal_dns_name_label": "",
            "internal_domain_name_suffix": "o20ch54zfmqedlfc1qtzah0boh.bx.internal.cloudapp.net",
            "ip_configuration": [
              {
                "gateway_load_balancer_frontend_ip_configuration_id": "",
                "name": "internalip-VM3-test",
                "primary": true,
                "private_ip_address": "192.168.50.13",
                "private_ip_address_allocation": "Static",
                "private_ip_address_version": "IPv4",
                "public_ip_address_id": "/subscriptions/98f91142-3f0b-4fb6-a0b1-75f5d418bc76/resourceGroups/rg-test-internal-lb/providers/Microsoft.Network/publicIPAddresses/pip-VM3-test",
                "subnet_id": "/subscriptions/98f91142-3f0b-4fb6-a0b1-75f5d418bc76/resourceGroups/rg-test-internal-lb/providers/Microsoft.Network/virtualNetworks/vnet-test-internal-lb/subnets/subnet-test-internal-lb"
              }
            ],
            "ip_forwarding_enabled": false,
            "location": "eastus",
            "mac_address": "60-45-BD-D6-00-8E",
            "name": "NIC-VM3-Test",
            "private_ip_address": "192.168.50.13",
            "private_ip_addresses": [
              "192.168.50.13"
            ],
            "resource_group_name": "rg-test-internal-lb",
            "tags": {},
            "timeouts": null,
            "virtual_machine_id": "/subscriptions/98f91142-3f0b-4fb6-a0b1-75f5d418bc76/resourceGroups/rg-test-internal-lb/providers/Microsoft.Compute/virtualMachines/VM3-test"
          },
          "sensitive_attributes": [],
          "identity_schema_version": 0,
          "identity": {
            "name": "NIC-VM3-Test",
            "resource_group_name": "rg-test-internal-lb",
            "subscription_id": "98f91142-3f0b-4fb6-a0b1-75f5d418bc76"
          },
          "private": "eyJlMmJmYjczMC1lY2FhLTExZTYtOGY4OC0zNDM2M2JjN2M0YzAiOnsiY3JlYXRlIjoxODAwMDAwMDAwMDAwLCJkZWxldGUiOjE4MDAwMDAwMDAwMDAsInJlYWQiOjMwMDAwMDAwMDAwMCwidXBkYXRlIjoxODAwMDAwMDAwMDAwfX0=",
          "dependencies": [
            "azurerm_public_ip.pip-VM3-test",
            "azurerm_resource_group.rg-test-internal-lb",
            "azurerm_subnet.subnet-test-internal-lb",
            "azurerm_virtual_network.vnet-test-internal-lb"
          ]
        }
      ]
    },
    {
      "mode": "managed",
      "type": "azurerm_network_interface_backend_address_pool_association",
      "name": "NIC-VM1-test_TO_BEP_lb_website",
      "provider": "provider[\"registry.terraform.io/hashicorp/azurerm\"]",
      "instances": [
        {
          "schema_version": 0,
          "attributes": {
            "backend_address_pool_id": "/subscriptions/98f91142-3f0b-4fb6-a0b1-75f5d418bc76/resourceGroups/rg-test-internal-lb/providers/Microsoft.Network/loadBalancers/lb_website/backendAddressPools/BEP_lb_website",
            "id": "/subscriptions/98f91142-3f0b-4fb6-a0b1-75f5d418bc76/resourceGroups/rg-test-internal-lb/providers/Microsoft.Network/networkInterfaces/NIC-VM1-Website/ipConfigurations/internalip-VM1-Website|/subscriptions/98f91142-3f0b-4fb6-a0b1-75f5d418bc76/resourceGroups/rg-test-internal-lb/providers/Microsoft.Network/loadBalancers/lb_website/backendAddressPools/BEP_lb_website",
            "ip_configuration_name": "internalip-VM1-Website",
            "network_interface_id": "/subscriptions/98f91142-3f0b-4fb6-a0b1-75f5d418bc76/resourceGroups/rg-test-internal-lb/providers/Microsoft.Network/networkInterfaces/NIC-VM1-Website",
            "timeouts": null
          },
          "sensitive_attributes": [],
          "identity_schema_version": 0,
          "private": "eyJlMmJmYjczMC1lY2FhLTExZTYtOGY4OC0zNDM2M2JjN2M0YzAiOnsiY3JlYXRlIjoxODAwMDAwMDAwMDAwLCJkZWxldGUiOjE4MDAwMDAwMDAwMDAsInJlYWQiOjMwMDAwMDAwMDAwMH19",
          "dependencies": [
            "azurerm_lb.lb_website",
            "azurerm_lb_backend_address_pool.BEP_lb_website",
            "azurerm_network_interface.NIC-VM1-Website",
            "azurerm_public_ip.pip-VM1-Website",
            "azurerm_resource_group.rg-test-internal-lb",
            "azurerm_subnet.subnet-test-internal-lb",
            "azurerm_virtual_network.vnet-test-internal-lb"
          ]
        }
      ]
    },
    {
      "mode": "managed",
      "type": "azurerm_network_interface_backend_address_pool_association",
      "name": "NIC-VM2-test_TO_BEP_lb_website",
      "provider": "provider[\"registry.terraform.io/hashicorp/azurerm\"]",
      "instances": [
        {
          "schema_version": 0,
          "attributes": {
            "backend_address_pool_id": "/subscriptions/98f91142-3f0b-4fb6-a0b1-75f5d418bc76/resourceGroups/rg-test-internal-lb/providers/Microsoft.Network/loadBalancers/lb_website/backendAddressPools/BEP_lb_website",
            "id": "/subscriptions/98f91142-3f0b-4fb6-a0b1-75f5d418bc76/resourceGroups/rg-test-internal-lb/providers/Microsoft.Network/networkInterfaces/NIC-VM2-Website/ipConfigurations/internalip-VM2-Website|/subscriptions/98f91142-3f0b-4fb6-a0b1-75f5d418bc76/resourceGroups/rg-test-internal-lb/providers/Microsoft.Network/loadBalancers/lb_website/backendAddressPools/BEP_lb_website",
            "ip_configuration_name": "internalip-VM2-Website",
            "network_interface_id": "/subscriptions/98f91142-3f0b-4fb6-a0b1-75f5d418bc76/resourceGroups/rg-test-internal-lb/providers/Microsoft.Network/networkInterfaces/NIC-VM2-Website",
            "timeouts": null
          },
          "sensitive_attributes": [],
          "identity_schema_version": 0,
          "private": "eyJlMmJmYjczMC1lY2FhLTExZTYtOGY4OC0zNDM2M2JjN2M0YzAiOnsiY3JlYXRlIjoxODAwMDAwMDAwMDAwLCJkZWxldGUiOjE4MDAwMDAwMDAwMDAsInJlYWQiOjMwMDAwMDAwMDAwMH19",
          "dependencies": [
            "azurerm_lb.lb_website",
            "azurerm_lb_backend_address_pool.BEP_lb_website",
            "azurerm_network_interface.NIC-VM2-Website",
            "azurerm_public_ip.pip-VM2-Website",
            "azurerm_resource_group.rg-test-internal-lb",
            "azurerm_subnet.subnet-test-internal-lb",
            "azurerm_virtual_network.vnet-test-internal-lb"
          ]
        }
      ]
    },
    {
      "mode": "managed",
      "type": "azurerm_network_security_group",
      "name": "SG-able-to-connect-on-public-SSH",
      "provider": "provider[\"registry.terraform.io/hashicorp/azurerm\"]",
      "instances": [
        {
          "schema_version": 0,
          "attributes": {
            "id": "/subscriptions/98f91142-3f0b-4fb6-a0b1-75f5d418bc76/resourceGroups/rg-test-internal-lb/providers/Microsoft.Network/networkSecurityGroups/SG-public-SSH",
            "location": "eastus",
            "name": "SG-public-SSH",
            "resource_group_name": "rg-test-internal-lb",
            "security_rule": [
              {
                "access": "Allow",
                "description": "",
                "destination_address_prefix": "*",
                "destination_address_prefixes": [],
                "destination_application_security_group_ids": [],
                "destination_port_range": "22",
                "destination_port_ranges": [],
                "direction": "Inbound",
                "name": "Allow_ssh",
                "priority": 100,
                "protocol": "Tcp",
                "source_address_prefix": "*",
                "source_address_prefixes": [],
                "source_application_security_group_ids": [],
                "source_port_range": "*",
                "source_port_ranges": []
              },
              {
                "access": "Allow",
                "description": "",
                "destination_address_prefix": "*",
                "destination_address_prefixes": [],
                "destination_application_security_group_ids": [],
                "destination_port_range": "80",
                "destination_port_ranges": [],
                "direction": "Inbound",
                "name": "Allow_http",
                "priority": 101,
                "protocol": "Tcp",
                "source_address_prefix": "*",
                "source_address_prefixes": [],
                "source_application_security_group_ids": [],
                "source_port_range": "*",
                "source_port_ranges": []
              }
            ],
            "tags": {},
            "timeouts": null
          },
          "sensitive_attributes": [],
          "identity_schema_version": 0,
          "identity": {
            "name": "SG-public-SSH",
            "resource_group_name": "rg-test-internal-lb",
            "subscription_id": "98f91142-3f0b-4fb6-a0b1-75f5d418bc76"
          },
          "private": "eyJlMmJmYjczMC1lY2FhLTExZTYtOGY4OC0zNDM2M2JjN2M0YzAiOnsiY3JlYXRlIjoxODAwMDAwMDAwMDAwLCJkZWxldGUiOjE4MDAwMDAwMDAwMDAsInJlYWQiOjMwMDAwMDAwMDAwMCwidXBkYXRlIjoxODAwMDAwMDAwMDAwfX0=",
          "dependencies": [
            "azurerm_resource_group.rg-test-internal-lb"
          ]
        }
      ]
    },
    {
      "mode": "managed",
      "type": "azurerm_public_ip",
      "name": "pip-VM1-Website",
      "provider": "provider[\"registry.terraform.io/hashicorp/azurerm\"]",
      "instances": [
        {
          "schema_version": 0,
          "attributes": {
            "allocation_method": "Static",
            "ddos_protection_mode": "VirtualNetworkInherited",
            "ddos_protection_plan_id": null,
            "domain_name_label": null,
            "domain_name_label_scope": null,
            "edge_zone": "",
            "fqdn": null,
            "id": "/subscriptions/98f91142-3f0b-4fb6-a0b1-75f5d418bc76/resourceGroups/rg-test-internal-lb/providers/Microsoft.Network/publicIPAddresses/pip-VM1-Website",
            "idle_timeout_in_minutes": 4,
            "ip_address": "20.127.91.222",
            "ip_tags": {},
            "ip_version": "IPv4",
            "location": "eastus",
            "name": "pip-VM1-Website",
            "public_ip_prefix_id": null,
            "resource_group_name": "rg-test-internal-lb",
            "reverse_fqdn": null,
            "sku": "Standard",
            "sku_tier": "Regional",
            "tags": {},
            "timeouts": null,
            "zones": []
          },
          "sensitive_attributes": [],
          "identity_schema_version": 0,
          "private": "eyJlMmJmYjczMC1lY2FhLTExZTYtOGY4OC0zNDM2M2JjN2M0YzAiOnsiY3JlYXRlIjoxODAwMDAwMDAwMDAwLCJkZWxldGUiOjE4MDAwMDAwMDAwMDAsInJlYWQiOjMwMDAwMDAwMDAwMCwidXBkYXRlIjoxODAwMDAwMDAwMDAwfX0=",
          "dependencies": [
            "azurerm_resource_group.rg-test-internal-lb"
          ]
        }
      ]
    },
    {
      "mode": "managed",
      "type": "azurerm_public_ip",
      "name": "pip-VM2-Website",
      "provider": "provider[\"registry.terraform.io/hashicorp/azurerm\"]",
      "instances": [
        {
          "schema_version": 0,
          "attributes": {
            "allocation_method": "Static",
            "ddos_protection_mode": "VirtualNetworkInherited",
            "ddos_protection_plan_id": null,
            "domain_name_label": null,
            "domain_name_label_scope": null,
            "edge_zone": "",
            "fqdn": null,
            "id": "/subscriptions/98f91142-3f0b-4fb6-a0b1-75f5d418bc76/resourceGroups/rg-test-internal-lb/providers/Microsoft.Network/publicIPAddresses/pip-VM2-Website",
            "idle_timeout_in_minutes": 4,
            "ip_address": "13.68.246.109",
            "ip_tags": {},
            "ip_version": "IPv4",
            "location": "eastus",
            "name": "pip-VM2-Website",
            "public_ip_prefix_id": null,
            "resource_group_name": "rg-test-internal-lb",
            "reverse_fqdn": null,
            "sku": "Standard",
            "sku_tier": "Regional",
            "tags": {},
            "timeouts": null,
            "zones": []
          },
          "sensitive_attributes": [],
          "identity_schema_version": 0,
          "private": "eyJlMmJmYjczMC1lY2FhLTExZTYtOGY4OC0zNDM2M2JjN2M0YzAiOnsiY3JlYXRlIjoxODAwMDAwMDAwMDAwLCJkZWxldGUiOjE4MDAwMDAwMDAwMDAsInJlYWQiOjMwMDAwMDAwMDAwMCwidXBkYXRlIjoxODAwMDAwMDAwMDAwfX0=",
          "dependencies": [
            "azurerm_resource_group.rg-test-internal-lb"
          ]
        }
      ]
    },
    {
      "mode": "managed",
      "type": "azurerm_public_ip",
      "name": "pip-VM3-test",
      "provider": "provider[\"registry.terraform.io/hashicorp/azurerm\"]",
      "instances": [
        {
          "schema_version": 0,
          "attributes": {
            "allocation_method": "Static",
            "ddos_protection_mode": "VirtualNetworkInherited",
            "ddos_protection_plan_id": null,
            "domain_name_label": null,
            "domain_name_label_scope": null,
            "edge_zone": "",
            "fqdn": null,
            "id": "/subscriptions/98f91142-3f0b-4fb6-a0b1-75f5d418bc76/resourceGroups/rg-test-internal-lb/providers/Microsoft.Network/publicIPAddresses/pip-VM3-test",
            "idle_timeout_in_minutes": 4,
            "ip_address": "20.115.12.178",
            "ip_tags": {},
            "ip_version": "IPv4",
            "location": "eastus",
            "name": "pip-VM3-test",
            "public_ip_prefix_id": null,
            "resource_group_name": "rg-test-internal-lb",
            "reverse_fqdn": null,
            "sku": "Standard",
            "sku_tier": "Regional",
            "tags": {},
            "timeouts": null,
            "zones": []
          },
          "sensitive_attributes": [],
          "identity_schema_version": 0,
          "private": "eyJlMmJmYjczMC1lY2FhLTExZTYtOGY4OC0zNDM2M2JjN2M0YzAiOnsiY3JlYXRlIjoxODAwMDAwMDAwMDAwLCJkZWxldGUiOjE4MDAwMDAwMDAwMDAsInJlYWQiOjMwMDAwMDAwMDAwMCwidXBkYXRlIjoxODAwMDAwMDAwMDAwfX0=",
          "dependencies": [
            "azurerm_resource_group.rg-test-internal-lb"
          ]
        }
      ]
    },
    {
      "mode": "managed",
      "type": "azurerm_resource_group",
      "name": "rg-test-internal-lb",
      "provider": "provider[\"registry.terraform.io/hashicorp/azurerm\"]",
      "instances": [
        {
          "schema_version": 0,
          "attributes": {
            "id": "/subscriptions/98f91142-3f0b-4fb6-a0b1-75f5d418bc76/resourceGroups/rg-test-internal-lb",
            "location": "eastus",
            "managed_by": "",
            "name": "rg-test-internal-lb",
            "tags": {},
            "timeouts": null
          },
          "sensitive_attributes": [],
          "identity_schema_version": 0,
          "identity": {
            "name": "rg-test-internal-lb",
            "subscription_id": "98f91142-3f0b-4fb6-a0b1-75f5d418bc76"
          },
          "private": "eyJlMmJmYjczMC1lY2FhLTExZTYtOGY4OC0zNDM2M2JjN2M0YzAiOnsiY3JlYXRlIjo1NDAwMDAwMDAwMDAwLCJkZWxldGUiOjU0MDAwMDAwMDAwMDAsInJlYWQiOjMwMDAwMDAwMDAwMCwidXBkYXRlIjo1NDAwMDAwMDAwMDAwfX0="
        }
      ]
    },
    {
      "mode": "managed",
      "type": "azurerm_subnet",
      "name": "subnet-test-internal-lb",
      "provider": "provider[\"registry.terraform.io/hashicorp/azurerm\"]",
      "instances": [
        {
          "schema_version": 0,
          "attributes": {
            "address_prefixes": [
              "192.168.50.0/24"
            ],
            "default_outbound_access_enabled": true,
            "delegation": [],
            "id": "/subscriptions/98f91142-3f0b-4fb6-a0b1-75f5d418bc76/resourceGroups/rg-test-internal-lb/providers/Microsoft.Network/virtualNetworks/vnet-test-internal-lb/subnets/subnet-test-internal-lb",
            "ip_address_pool": [],
            "name": "subnet-test-internal-lb",
            "private_endpoint_network_policies": "Disabled",
            "private_link_service_network_policies_enabled": true,
            "resource_group_name": "rg-test-internal-lb",
            "service_endpoint_policy_ids": [],
            "service_endpoints": [],
            "sharing_scope": "",
            "timeouts": null,
            "virtual_network_name": "vnet-test-internal-lb"
          },
          "sensitive_attributes": [],
          "identity_schema_version": 0,
          "identity": {
            "name": "subnet-test-internal-lb",
            "resource_group_name": "rg-test-internal-lb",
            "subscription_id": "98f91142-3f0b-4fb6-a0b1-75f5d418bc76",
            "virtual_network_name": "vnet-test-internal-lb"
          },
          "private": "eyJlMmJmYjczMC1lY2FhLTExZTYtOGY4OC0zNDM2M2JjN2M0YzAiOnsiY3JlYXRlIjoxODAwMDAwMDAwMDAwLCJkZWxldGUiOjE4MDAwMDAwMDAwMDAsInJlYWQiOjMwMDAwMDAwMDAwMCwidXBkYXRlIjoxODAwMDAwMDAwMDAwfX0=",
          "dependencies": [
            "azurerm_resource_group.rg-test-internal-lb",
            "azurerm_virtual_network.vnet-test-internal-lb"
          ]
        }
      ]
    },
    {
      "mode": "managed",
      "type": "azurerm_subnet_network_security_group_association",
      "name": "SG-to-Subnet",
      "provider": "provider[\"registry.terraform.io/hashicorp/azurerm\"]",
      "instances": [
        {
          "schema_version": 0,
          "attributes": {
            "id": "/subscriptions/98f91142-3f0b-4fb6-a0b1-75f5d418bc76/resourceGroups/rg-test-internal-lb/providers/Microsoft.Network/virtualNetworks/vnet-test-internal-lb/subnets/subnet-test-internal-lb",
            "network_security_group_id": "/subscriptions/98f91142-3f0b-4fb6-a0b1-75f5d418bc76/resourceGroups/rg-test-internal-lb/providers/Microsoft.Network/networkSecurityGroups/SG-public-SSH",
            "subnet_id": "/subscriptions/98f91142-3f0b-4fb6-a0b1-75f5d418bc76/resourceGroups/rg-test-internal-lb/providers/Microsoft.Network/virtualNetworks/vnet-test-internal-lb/subnets/subnet-test-internal-lb",
            "timeouts": null
          },
          "sensitive_attributes": [],
          "identity_schema_version": 0,
          "private": "eyJlMmJmYjczMC1lY2FhLTExZTYtOGY4OC0zNDM2M2JjN2M0YzAiOnsiY3JlYXRlIjoxODAwMDAwMDAwMDAwLCJkZWxldGUiOjE4MDAwMDAwMDAwMDAsInJlYWQiOjMwMDAwMDAwMDAwMH19",
          "dependencies": [
            "azurerm_network_security_group.SG-able-to-connect-on-public-SSH",
            "azurerm_resource_group.rg-test-internal-lb",
            "azurerm_subnet.subnet-test-internal-lb",
            "azurerm_virtual_network.vnet-test-internal-lb"
          ]
        }
      ]
    },
    {
      "mode": "managed",
      "type": "azurerm_virtual_network",
      "name": "vnet-test-internal-lb",
      "provider": "provider[\"registry.terraform.io/hashicorp/azurerm\"]",
      "instances": [
        {
          "schema_version": 0,
          "attributes": {
            "address_space": [
              "192.168.50.0/24"
            ],
            "bgp_community": "",
            "ddos_protection_plan": [],
            "dns_servers": [],
            "edge_zone": "",
            "encryption": [],
            "flow_timeout_in_minutes": 0,
            "guid": "ff233477-2bd9-4120-aca2-dc27901f4177",
            "id": "/subscriptions/98f91142-3f0b-4fb6-a0b1-75f5d418bc76/resourceGroups/rg-test-internal-lb/providers/Microsoft.Network/virtualNetworks/vnet-test-internal-lb",
            "ip_address_pool": [],
            "location": "eastus",
            "name": "vnet-test-internal-lb",
            "private_endpoint_vnet_policies": "Disabled",
            "resource_group_name": "rg-test-internal-lb",
            "subnet": [
              {
                "address_prefixes": [
                  "192.168.50.0/24"
                ],
                "default_outbound_access_enabled": true,
                "delegation": [],
                "id": "/subscriptions/98f91142-3f0b-4fb6-a0b1-75f5d418bc76/resourceGroups/rg-test-internal-lb/providers/Microsoft.Network/virtualNetworks/vnet-test-internal-lb/subnets/subnet-test-internal-lb",
                "name": "subnet-test-internal-lb",
                "private_endpoint_network_policies": "Disabled",
                "private_link_service_network_policies_enabled": true,
                "route_table_id": "",
                "security_group": "/subscriptions/98f91142-3f0b-4fb6-a0b1-75f5d418bc76/resourceGroups/rg-test-internal-lb/providers/Microsoft.Network/networkSecurityGroups/SG-public-SSH",
                "service_endpoint_policy_ids": [],
                "service_endpoints": []
              }
            ],
            "tags": {
              "environment": "test",
              "purpose": "virtual-network"
            },
            "timeouts": null
          },
          "sensitive_attributes": [],
          "identity_schema_version": 0,
          "identity": {
            "name": "vnet-test-internal-lb",
            "resource_group_name": "rg-test-internal-lb",
            "subscription_id": "98f91142-3f0b-4fb6-a0b1-75f5d418bc76"
          },
          "private": "eyJlMmJmYjczMC1lY2FhLTExZTYtOGY4OC0zNDM2M2JjN2M0YzAiOnsiY3JlYXRlIjoxODAwMDAwMDAwMDAwLCJkZWxldGUiOjE4MDAwMDAwMDAwMDAsInJlYWQiOjMwMDAwMDAwMDAwMCwidXBkYXRlIjoxODAwMDAwMDAwMDAwfX0=",
          "dependencies": [
            "azurerm_resource_group.rg-test-internal-lb"
          ]
        }
      ]
    }
  ],
  "check_results": null
}
